// !$*UTF8*$!
{
	archiveVersion = 1;
	classes = {
	};
	objectVersion = 51;
	objects = {

/* Begin PBXBuildFile section */
		5B1257A8268D266800674849 /* NewsListViewController+TableViewDataSource.swift in Sources */ = {isa = PBXBuildFile; fileRef = 5B1257A7268D266800674849 /* NewsListViewController+TableViewDataSource.swift */; };
		5B1257AE268D26B400674849 /* NewsListViewController+Delegate.swift in Sources */ = {isa = PBXBuildFile; fileRef = 5B1257AD268D26B400674849 /* NewsListViewController+Delegate.swift */; };
		5B1257B2268D271100674849 /* CellIdentifiable.swift in Sources */ = {isa = PBXBuildFile; fileRef = 5B1257B1268D271100674849 /* CellIdentifiable.swift */; };
		5B1257B6268D277000674849 /* NewsListViewController+NewsListViewDelegate.swift in Sources */ = {isa = PBXBuildFile; fileRef = 5B1257B5268D277000674849 /* NewsListViewController+NewsListViewDelegate.swift */; };
		5B1257BA268D27C800674849 /* RegisterableNibCell.swift in Sources */ = {isa = PBXBuildFile; fileRef = 5B1257B9268D27C800674849 /* RegisterableNibCell.swift */; };
		5B1257BE268D28A000674849 /* NewsItemViewModel.swift in Sources */ = {isa = PBXBuildFile; fileRef = 5B1257BD268D28A000674849 /* NewsItemViewModel.swift */; };
		5B3B442C268D259800B0EAB9 /* NewsListViewDelegate.swift in Sources */ = {isa = PBXBuildFile; fileRef = 5B3B442B268D259800B0EAB9 /* NewsListViewDelegate.swift */; };
		5B6A4A7F268D18960091A20A /* AppDelegate.swift in Sources */ = {isa = PBXBuildFile; fileRef = 5B6A4A7E268D18960091A20A /* AppDelegate.swift */; };
		5B6A4A81268D18960091A20A /* SceneDelegate.swift in Sources */ = {isa = PBXBuildFile; fileRef = 5B6A4A80268D18960091A20A /* SceneDelegate.swift */; };
		5B6A4A83268D18960091A20A /* NewsListViewController.swift in Sources */ = {isa = PBXBuildFile; fileRef = 5B6A4A82268D18960091A20A /* NewsListViewController.swift */; };
		5B6A4A86268D18960091A20A /* Main.storyboard in Resources */ = {isa = PBXBuildFile; fileRef = 5B6A4A84268D18960091A20A /* Main.storyboard */; };
		5B6A4A88268D189A0091A20A /* Assets.xcassets in Resources */ = {isa = PBXBuildFile; fileRef = 5B6A4A87268D189A0091A20A /* Assets.xcassets */; };
		5B6A4A8B268D189A0091A20A /* LaunchScreen.storyboard in Resources */ = {isa = PBXBuildFile; fileRef = 5B6A4A89268D189A0091A20A /* LaunchScreen.storyboard */; };
		5B6A4A96268D189B0091A20A /* TheNewsAppTests.swift in Sources */ = {isa = PBXBuildFile; fileRef = 5B6A4A95268D189B0091A20A /* TheNewsAppTests.swift */; };
		5B6A4AB8268D1A2B0091A20A /* UISearchBar+TextFieldColor.swift in Sources */ = {isa = PBXBuildFile; fileRef = 5B6A4AB7268D1A2B0091A20A /* UISearchBar+TextFieldColor.swift */; };
		5B6A4AC0268D1A7A0091A20A /* UIColor+Theme.swift in Sources */ = {isa = PBXBuildFile; fileRef = 5B6A4ABF268D1A7A0091A20A /* UIColor+Theme.swift */; };
		5B6A4AC7268D1B000091A20A /* NewsListTableViewCell.swift in Sources */ = {isa = PBXBuildFile; fileRef = 5B6A4AC5268D1B000091A20A /* NewsListTableViewCell.swift */; };
		5B6A4AC8268D1B000091A20A /* NewsListTableViewCell.xib in Resources */ = {isa = PBXBuildFile; fileRef = 5B6A4AC6268D1B000091A20A /* NewsListTableViewCell.xib */; };
		5B6A4AD4268D1BAE0091A20A /* NewsItemViewModeling.swift in Sources */ = {isa = PBXBuildFile; fileRef = 5B6A4AD3268D1BAE0091A20A /* NewsItemViewModeling.swift */; };
		5B6A4ADF268D1DEA0091A20A /* NewsListViewModeling.swift in Sources */ = {isa = PBXBuildFile; fileRef = 5B6A4ADE268D1DEA0091A20A /* NewsListViewModeling.swift */; };
		5B6A4AE9268D1E6B0091A20A /* NewsService.swift in Sources */ = {isa = PBXBuildFile; fileRef = 5B6A4AE5268D1E6A0091A20A /* NewsService.swift */; };
		5B6A4AEA268D1E6B0091A20A /* API.swift in Sources */ = {isa = PBXBuildFile; fileRef = 5B6A4AE6268D1E6A0091A20A /* API.swift */; };
		5B6A4AEB268D1E6B0091A20A /* getNewsResult.swift in Sources */ = {isa = PBXBuildFile; fileRef = 5B6A4AE7268D1E6B0091A20A /* getNewsResult.swift */; };
		5B6A4AEC268D1E6B0091A20A /* NewsServiceProtocol.swift in Sources */ = {isa = PBXBuildFile; fileRef = 5B6A4AE8268D1E6B0091A20A /* NewsServiceProtocol.swift */; };
		5B6A4AFA268D23250091A20A /* Article.swift in Sources */ = {isa = PBXBuildFile; fileRef = 5B6A4AF7268D23250091A20A /* Article.swift */; };
		5B6A4AFB268D23260091A20A /* NewsSource.swift in Sources */ = {isa = PBXBuildFile; fileRef = 5B6A4AF8268D23250091A20A /* NewsSource.swift */; };
		5B6A4AFC268D23260091A20A /* NewsListResponse.swift in Sources */ = {isa = PBXBuildFile; fileRef = 5B6A4AF9268D23250091A20A /* NewsListResponse.swift */; };
		5B6A4B01268D23A00091A20A /* NewsListViewModel.swift in Sources */ = {isa = PBXBuildFile; fileRef = 5B6A4B00268D23A00091A20A /* NewsListViewModel.swift */; };
		FCB7BC2DDCB80777EE0BAD68 /* Pods_TheNewsApp.framework in Frameworks */ = {isa = PBXBuildFile; fileRef = 8D10F876B8B84275525E6BE1 /* Pods_TheNewsApp.framework */; };
/* End PBXBuildFile section */

/* Begin PBXContainerItemProxy section */
		5B6A4A92268D189B0091A20A /* PBXContainerItemProxy */ = {
			isa = PBXContainerItemProxy;
			containerPortal = 5B6A4A73268D18960091A20A /* Project object */;
			proxyType = 1;
			remoteGlobalIDString = 5B6A4A7A268D18960091A20A;
			remoteInfo = TheNewsApp;
		};
/* End PBXContainerItemProxy section */

/* Begin PBXFileReference section */
		03F234C1871D5E28EBEFA198 /* Pods-TheNewsApp.debug.xcconfig */ = {isa = PBXFileReference; includeInIndex = 1; lastKnownFileType = text.xcconfig; name = "Pods-TheNewsApp.debug.xcconfig"; path = "Target Support Files/Pods-TheNewsApp/Pods-TheNewsApp.debug.xcconfig"; sourceTree = "<group>"; };
		5B1257A7268D266800674849 /* NewsListViewController+TableViewDataSource.swift */ = {isa = PBXFileReference; lastKnownFileType = sourcecode.swift; path = "NewsListViewController+TableViewDataSource.swift"; sourceTree = "<group>"; };
		5B1257AD268D26B400674849 /* NewsListViewController+Delegate.swift */ = {isa = PBXFileReference; lastKnownFileType = sourcecode.swift; path = "NewsListViewController+Delegate.swift"; sourceTree = "<group>"; };
		5B1257B1268D271100674849 /* CellIdentifiable.swift */ = {isa = PBXFileReference; lastKnownFileType = sourcecode.swift; path = CellIdentifiable.swift; sourceTree = "<group>"; };
		5B1257B5268D277000674849 /* NewsListViewController+NewsListViewDelegate.swift */ = {isa = PBXFileReference; lastKnownFileType = sourcecode.swift; path = "NewsListViewController+NewsListViewDelegate.swift"; sourceTree = "<group>"; };
		5B1257B9268D27C800674849 /* RegisterableNibCell.swift */ = {isa = PBXFileReference; lastKnownFileType = sourcecode.swift; path = RegisterableNibCell.swift; sourceTree = "<group>"; };
		5B1257BD268D28A000674849 /* NewsItemViewModel.swift */ = {isa = PBXFileReference; lastKnownFileType = sourcecode.swift; path = NewsItemViewModel.swift; sourceTree = "<group>"; };
		5B3B442B268D259800B0EAB9 /* NewsListViewDelegate.swift */ = {isa = PBXFileReference; fileEncoding = 4; lastKnownFileType = sourcecode.swift; path = NewsListViewDelegate.swift; sourceTree = "<group>"; };
		5B6A4A7B268D18960091A20A /* TheNewsApp.app */ = {isa = PBXFileReference; explicitFileType = wrapper.application; includeInIndex = 0; path = TheNewsApp.app; sourceTree = BUILT_PRODUCTS_DIR; };
		5B6A4A7E268D18960091A20A /* AppDelegate.swift */ = {isa = PBXFileReference; lastKnownFileType = sourcecode.swift; path = AppDelegate.swift; sourceTree = "<group>"; };
		5B6A4A80268D18960091A20A /* SceneDelegate.swift */ = {isa = PBXFileReference; lastKnownFileType = sourcecode.swift; path = SceneDelegate.swift; sourceTree = "<group>"; };
		5B6A4A82268D18960091A20A /* NewsListViewController.swift */ = {isa = PBXFileReference; lastKnownFileType = sourcecode.swift; path = NewsListViewController.swift; sourceTree = "<group>"; };
		5B6A4A85268D18960091A20A /* Base */ = {isa = PBXFileReference; lastKnownFileType = file.storyboard; name = Base; path = Base.lproj/Main.storyboard; sourceTree = "<group>"; };
		5B6A4A87268D189A0091A20A /* Assets.xcassets */ = {isa = PBXFileReference; lastKnownFileType = folder.assetcatalog; path = Assets.xcassets; sourceTree = "<group>"; };
		5B6A4A8A268D189A0091A20A /* Base */ = {isa = PBXFileReference; lastKnownFileType = file.storyboard; name = Base; path = Base.lproj/LaunchScreen.storyboard; sourceTree = "<group>"; };
		5B6A4A8C268D189A0091A20A /* Info.plist */ = {isa = PBXFileReference; lastKnownFileType = text.plist.xml; path = Info.plist; sourceTree = "<group>"; };
		5B6A4A91268D189B0091A20A /* TheNewsAppTests.xctest */ = {isa = PBXFileReference; explicitFileType = wrapper.cfbundle; includeInIndex = 0; path = TheNewsAppTests.xctest; sourceTree = BUILT_PRODUCTS_DIR; };
		5B6A4A95268D189B0091A20A /* TheNewsAppTests.swift */ = {isa = PBXFileReference; lastKnownFileType = sourcecode.swift; path = TheNewsAppTests.swift; sourceTree = "<group>"; };
		5B6A4A97268D189B0091A20A /* Info.plist */ = {isa = PBXFileReference; lastKnownFileType = text.plist.xml; path = Info.plist; sourceTree = "<group>"; };
		5B6A4AB7268D1A2B0091A20A /* UISearchBar+TextFieldColor.swift */ = {isa = PBXFileReference; lastKnownFileType = sourcecode.swift; path = "UISearchBar+TextFieldColor.swift"; sourceTree = "<group>"; };
		5B6A4ABF268D1A7A0091A20A /* UIColor+Theme.swift */ = {isa = PBXFileReference; lastKnownFileType = sourcecode.swift; path = "UIColor+Theme.swift"; sourceTree = "<group>"; };
		5B6A4AC5268D1B000091A20A /* NewsListTableViewCell.swift */ = {isa = PBXFileReference; lastKnownFileType = sourcecode.swift; path = NewsListTableViewCell.swift; sourceTree = "<group>"; };
		5B6A4AC6268D1B000091A20A /* NewsListTableViewCell.xib */ = {isa = PBXFileReference; lastKnownFileType = file.xib; path = NewsListTableViewCell.xib; sourceTree = "<group>"; };
		5B6A4AD3268D1BAE0091A20A /* NewsItemViewModeling.swift */ = {isa = PBXFileReference; lastKnownFileType = sourcecode.swift; path = NewsItemViewModeling.swift; sourceTree = "<group>"; };
		5B6A4ADE268D1DEA0091A20A /* NewsListViewModeling.swift */ = {isa = PBXFileReference; lastKnownFileType = sourcecode.swift; path = NewsListViewModeling.swift; sourceTree = "<group>"; };
		5B6A4AE5268D1E6A0091A20A /* NewsService.swift */ = {isa = PBXFileReference; fileEncoding = 4; lastKnownFileType = sourcecode.swift; path = NewsService.swift; sourceTree = "<group>"; };
		5B6A4AE6268D1E6A0091A20A /* API.swift */ = {isa = PBXFileReference; fileEncoding = 4; lastKnownFileType = sourcecode.swift; path = API.swift; sourceTree = "<group>"; };
		5B6A4AE7268D1E6B0091A20A /* getNewsResult.swift */ = {isa = PBXFileReference; fileEncoding = 4; lastKnownFileType = sourcecode.swift; path = getNewsResult.swift; sourceTree = "<group>"; };
		5B6A4AE8268D1E6B0091A20A /* NewsServiceProtocol.swift */ = {isa = PBXFileReference; fileEncoding = 4; lastKnownFileType = sourcecode.swift; path = NewsServiceProtocol.swift; sourceTree = "<group>"; };
		5B6A4AF7268D23250091A20A /* Article.swift */ = {isa = PBXFileReference; fileEncoding = 4; lastKnownFileType = sourcecode.swift; path = Article.swift; sourceTree = "<group>"; };
		5B6A4AF8268D23250091A20A /* NewsSource.swift */ = {isa = PBXFileReference; fileEncoding = 4; lastKnownFileType = sourcecode.swift; path = NewsSource.swift; sourceTree = "<group>"; };
		5B6A4AF9268D23250091A20A /* NewsListResponse.swift */ = {isa = PBXFileReference; fileEncoding = 4; lastKnownFileType = sourcecode.swift; path = NewsListResponse.swift; sourceTree = "<group>"; };
		5B6A4B00268D23A00091A20A /* NewsListViewModel.swift */ = {isa = PBXFileReference; lastKnownFileType = sourcecode.swift; path = NewsListViewModel.swift; sourceTree = "<group>"; };
		7A99B95AE04C9C5D28B1B799 /* Pods-TheNewsApp.release.xcconfig */ = {isa = PBXFileReference; includeInIndex = 1; lastKnownFileType = text.xcconfig; name = "Pods-TheNewsApp.release.xcconfig"; path = "Target Support Files/Pods-TheNewsApp/Pods-TheNewsApp.release.xcconfig"; sourceTree = "<group>"; };
		8D10F876B8B84275525E6BE1 /* Pods_TheNewsApp.framework */ = {isa = PBXFileReference; explicitFileType = wrapper.framework; includeInIndex = 0; path = Pods_TheNewsApp.framework; sourceTree = BUILT_PRODUCTS_DIR; };
/* End PBXFileReference section */

/* Begin PBXFrameworksBuildPhase section */
		5B6A4A78268D18960091A20A /* Frameworks */ = {
			isa = PBXFrameworksBuildPhase;
			buildActionMask = 2147483647;
			files = (
				FCB7BC2DDCB80777EE0BAD68 /* Pods_TheNewsApp.framework in Frameworks */,
			);
			runOnlyForDeploymentPostprocessing = 0;
		};
		5B6A4A8E268D189B0091A20A /* Frameworks */ = {
			isa = PBXFrameworksBuildPhase;
			buildActionMask = 2147483647;
			files = (
			);
			runOnlyForDeploymentPostprocessing = 0;
		};
/* End PBXFrameworksBuildPhase section */

/* Begin PBXGroup section */
		5B6A4A72268D18960091A20A = {
			isa = PBXGroup;
			children = (
				5B6A4A7D268D18960091A20A /* TheNewsApp */,
				5B6A4A94268D189B0091A20A /* TheNewsAppTests */,
				5B6A4A7C268D18960091A20A /* Products */,
				6A570BF306D0DEC82CF945BD /* Pods */,
				E289AD6E894D85D75F7E772F /* Frameworks */,
			);
			sourceTree = "<group>";
		};
		5B6A4A7C268D18960091A20A /* Products */ = {
			isa = PBXGroup;
			children = (
				5B6A4A7B268D18960091A20A /* TheNewsApp.app */,
				5B6A4A91268D189B0091A20A /* TheNewsAppTests.xctest */,
			);
			name = Products;
			sourceTree = "<group>";
		};
		5B6A4A7D268D18960091A20A /* TheNewsApp */ = {
			isa = PBXGroup;
			children = (
				5B6A4A7E268D18960091A20A /* AppDelegate.swift */,
				5B6A4A80268D18960091A20A /* SceneDelegate.swift */,
				5B6A4AF6268D22F40091A20A /* Models */,
				5B6A4AE4268D1E4E0091A20A /* Services */,
				5B6A4ADD268D1DB80091A20A /* View Models */,
				5B6A4AB2268D19700091A20A /* View Controllers */,
				5B6A4AB1268D19290091A20A /* Views */,
				5B6A4AB6268D1A170091A20A /* Extensions */,
				5B6A4A87268D189A0091A20A /* Assets.xcassets */,
				5B6A4A89268D189A0091A20A /* LaunchScreen.storyboard */,
				5B6A4A8C268D189A0091A20A /* Info.plist */,
			);
			path = TheNewsApp;
			sourceTree = "<group>";
		};
		5B6A4A94268D189B0091A20A /* TheNewsAppTests */ = {
			isa = PBXGroup;
			children = (
				5B6A4A95268D189B0091A20A /* TheNewsAppTests.swift */,
				5B6A4A97268D189B0091A20A /* Info.plist */,
			);
			path = TheNewsAppTests;
			sourceTree = "<group>";
		};
		5B6A4AB1268D19290091A20A /* Views */ = {
			isa = PBXGroup;
			children = (
				5B6A4AC4268D1AA60091A20A /* News List Cell */,
				5B6A4A84268D18960091A20A /* Main.storyboard */,
			);
			path = Views;
			sourceTree = "<group>";
		};
		5B6A4AB2268D19700091A20A /* View Controllers */ = {
			isa = PBXGroup;
			children = (
				5B6A4A82268D18960091A20A /* NewsListViewController.swift */,
				5B1257A7268D266800674849 /* NewsListViewController+TableViewDataSource.swift */,
				5B1257AD268D26B400674849 /* NewsListViewController+Delegate.swift */,
				5B1257B5268D277000674849 /* NewsListViewController+NewsListViewDelegate.swift */,
			);
			path = "View Controllers";
			sourceTree = "<group>";
		};
		5B6A4AB6268D1A170091A20A /* Extensions */ = {
			isa = PBXGroup;
			children = (
				5B6A4AB7268D1A2B0091A20A /* UISearchBar+TextFieldColor.swift */,
				5B6A4ABF268D1A7A0091A20A /* UIColor+Theme.swift */,
				5B1257B1268D271100674849 /* CellIdentifiable.swift */,
				5B1257B9268D27C800674849 /* RegisterableNibCell.swift */,
			);
			path = Extensions;
			sourceTree = "<group>";
		};
		5B6A4AC4268D1AA60091A20A /* News List Cell */ = {
			isa = PBXGroup;
			children = (
				5B6A4AC5268D1B000091A20A /* NewsListTableViewCell.swift */,
				5B6A4AC6268D1B000091A20A /* NewsListTableViewCell.xib */,
				5B6A4AD3268D1BAE0091A20A /* NewsItemViewModeling.swift */,
				5B1257BD268D28A000674849 /* NewsItemViewModel.swift */,
			);
			path = "News List Cell";
			sourceTree = "<group>";
		};
		5B6A4ADD268D1DB80091A20A /* View Models */ = {
			isa = PBXGroup;
			children = (
				5B6A4ADE268D1DEA0091A20A /* NewsListViewModeling.swift */,
				5B6A4B00268D23A00091A20A /* NewsListViewModel.swift */,
				5B3B442B268D259800B0EAB9 /* NewsListViewDelegate.swift */,
			);
			path = "View Models";
			sourceTree = "<group>";
		};
		5B6A4AE4268D1E4E0091A20A /* Services */ = {
			isa = PBXGroup;
			children = (
				5B6A4AE6268D1E6A0091A20A /* API.swift */,
				5B6A4AE7268D1E6B0091A20A /* getNewsResult.swift */,
				5B6A4AE5268D1E6A0091A20A /* NewsService.swift */,
				5B6A4AE8268D1E6B0091A20A /* NewsServiceProtocol.swift */,
			);
			path = Services;
			sourceTree = "<group>";
		};
		5B6A4AF6268D22F40091A20A /* Models */ = {
			isa = PBXGroup;
			children = (
				5B6A4AF7268D23250091A20A /* Article.swift */,
				5B6A4AF9268D23250091A20A /* NewsListResponse.swift */,
				5B6A4AF8268D23250091A20A /* NewsSource.swift */,
			);
			path = Models;
			sourceTree = "<group>";
		};
		6A570BF306D0DEC82CF945BD /* Pods */ = {
			isa = PBXGroup;
			children = (
				03F234C1871D5E28EBEFA198 /* Pods-TheNewsApp.debug.xcconfig */,
				7A99B95AE04C9C5D28B1B799 /* Pods-TheNewsApp.release.xcconfig */,
			);
			path = Pods;
			sourceTree = "<group>";
		};
		E289AD6E894D85D75F7E772F /* Frameworks */ = {
			isa = PBXGroup;
			children = (
				8D10F876B8B84275525E6BE1 /* Pods_TheNewsApp.framework */,
			);
			name = Frameworks;
			sourceTree = "<group>";
		};
/* End PBXGroup section */

/* Begin PBXNativeTarget section */
		5B6A4A7A268D18960091A20A /* TheNewsApp */ = {
			isa = PBXNativeTarget;
			buildConfigurationList = 5B6A4AA5268D189B0091A20A /* Build configuration list for PBXNativeTarget "TheNewsApp" */;
			buildPhases = (
				25B34CDDB6D89BE4EDF4C8CF /* [CP] Check Pods Manifest.lock */,
				5B6A4A77268D18960091A20A /* Sources */,
				5B6A4A78268D18960091A20A /* Frameworks */,
				5B6A4A79268D18960091A20A /* Resources */,
				9E980F460B79E1E029629947 /* [CP] Embed Pods Frameworks */,
			);
			buildRules = (
			);
			dependencies = (
			);
			name = TheNewsApp;
			productName = TheNewsApp;
			productReference = 5B6A4A7B268D18960091A20A /* TheNewsApp.app */;
			productType = "com.apple.product-type.application";
		};
		5B6A4A90268D189B0091A20A /* TheNewsAppTests */ = {
			isa = PBXNativeTarget;
			buildConfigurationList = 5B6A4AA8268D189B0091A20A /* Build configuration list for PBXNativeTarget "TheNewsAppTests" */;
			buildPhases = (
				5B6A4A8D268D189B0091A20A /* Sources */,
				5B6A4A8E268D189B0091A20A /* Frameworks */,
				5B6A4A8F268D189B0091A20A /* Resources */,
			);
			buildRules = (
			);
			dependencies = (
				5B6A4A93268D189B0091A20A /* PBXTargetDependency */,
			);
			name = TheNewsAppTests;
			productName = TheNewsAppTests;
			productReference = 5B6A4A91268D189B0091A20A /* TheNewsAppTests.xctest */;
			productType = "com.apple.product-type.bundle.unit-test";
		};
/* End PBXNativeTarget section */

/* Begin PBXProject section */
		5B6A4A73268D18960091A20A /* Project object */ = {
			isa = PBXProject;
			attributes = {
				LastSwiftUpdateCheck = 1230;
				LastUpgradeCheck = 1230;
				TargetAttributes = {
					5B6A4A7A268D18960091A20A = {
						CreatedOnToolsVersion = 12.3;
					};
					5B6A4A90268D189B0091A20A = {
						CreatedOnToolsVersion = 12.3;
						TestTargetID = 5B6A4A7A268D18960091A20A;
					};
				};
			};
			buildConfigurationList = 5B6A4A76268D18960091A20A /* Build configuration list for PBXProject "TheNewsApp" */;
			compatibilityVersion = "Xcode 9.3";
			developmentRegion = en;
			hasScannedForEncodings = 0;
			knownRegions = (
				en,
				Base,
			);
			mainGroup = 5B6A4A72268D18960091A20A;
			productRefGroup = 5B6A4A7C268D18960091A20A /* Products */;
			projectDirPath = "";
			projectRoot = "";
			targets = (
				5B6A4A7A268D18960091A20A /* TheNewsApp */,
				5B6A4A90268D189B0091A20A /* TheNewsAppTests */,
			);
		};
/* End PBXProject section */

/* Begin PBXResourcesBuildPhase section */
		5B6A4A79268D18960091A20A /* Resources */ = {
			isa = PBXResourcesBuildPhase;
			buildActionMask = 2147483647;
			files = (
				5B6A4A8B268D189A0091A20A /* LaunchScreen.storyboard in Resources */,
				5B6A4A88268D189A0091A20A /* Assets.xcassets in Resources */,
				5B6A4AC8268D1B000091A20A /* NewsListTableViewCell.xib in Resources */,
				5B6A4A86268D18960091A20A /* Main.storyboard in Resources */,
			);
			runOnlyForDeploymentPostprocessing = 0;
		};
		5B6A4A8F268D189B0091A20A /* Resources */ = {
			isa = PBXResourcesBuildPhase;
			buildActionMask = 2147483647;
			files = (
			);
			runOnlyForDeploymentPostprocessing = 0;
		};
/* End PBXResourcesBuildPhase section */

/* Begin PBXShellScriptBuildPhase section */
		25B34CDDB6D89BE4EDF4C8CF /* [CP] Check Pods Manifest.lock */ = {
			isa = PBXShellScriptBuildPhase;
			buildActionMask = 2147483647;
			files = (
			);
			inputFileListPaths = (
			);
			inputPaths = (
				"${PODS_PODFILE_DIR_PATH}/Podfile.lock",
				"${PODS_ROOT}/Manifest.lock",
			);
			name = "[CP] Check Pods Manifest.lock";
			outputFileListPaths = (
			);
			outputPaths = (
				"$(DERIVED_FILE_DIR)/Pods-TheNewsApp-checkManifestLockResult.txt",
			);
			runOnlyForDeploymentPostprocessing = 0;
			shellPath = /bin/sh;
			shellScript = "diff \"${PODS_PODFILE_DIR_PATH}/Podfile.lock\" \"${PODS_ROOT}/Manifest.lock\" > /dev/null\nif [ $? != 0 ] ; then\n    # print error to STDERR\n    echo \"error: The sandbox is not in sync with the Podfile.lock. Run 'pod install' or update your CocoaPods installation.\" >&2\n    exit 1\nfi\n# This output is used by Xcode 'outputs' to avoid re-running this script phase.\necho \"SUCCESS\" > \"${SCRIPT_OUTPUT_FILE_0}\"\n";
			showEnvVarsInLog = 0;
		};
		9E980F460B79E1E029629947 /* [CP] Embed Pods Frameworks */ = {
			isa = PBXShellScriptBuildPhase;
			buildActionMask = 2147483647;
			files = (
			);
			inputFileListPaths = (
				"${PODS_ROOT}/Target Support Files/Pods-TheNewsApp/Pods-TheNewsApp-frameworks-${CONFIGURATION}-input-files.xcfilelist",
			);
			name = "[CP] Embed Pods Frameworks";
			outputFileListPaths = (
				"${PODS_ROOT}/Target Support Files/Pods-TheNewsApp/Pods-TheNewsApp-frameworks-${CONFIGURATION}-output-files.xcfilelist",
			);
			runOnlyForDeploymentPostprocessing = 0;
			shellPath = /bin/sh;
			shellScript = "\"${PODS_ROOT}/Target Support Files/Pods-TheNewsApp/Pods-TheNewsApp-frameworks.sh\"\n";
			showEnvVarsInLog = 0;
		};
/* End PBXShellScriptBuildPhase section */

/* Begin PBXSourcesBuildPhase section */
		5B6A4A77268D18960091A20A /* Sources */ = {
			isa = PBXSourcesBuildPhase;
			buildActionMask = 2147483647;
			files = (
				5B3B442C268D259800B0EAB9 /* NewsListViewDelegate.swift in Sources */,
				5B6A4AFA268D23250091A20A /* Article.swift in Sources */,
				5B6A4ADF268D1DEA0091A20A /* NewsListViewModeling.swift in Sources */,
				5B6A4AFC268D23260091A20A /* NewsListResponse.swift in Sources */,
				5B6A4AC0268D1A7A0091A20A /* UIColor+Theme.swift in Sources */,
				5B1257B2268D271100674849 /* CellIdentifiable.swift in Sources */,
				5B6A4AD4268D1BAE0091A20A /* NewsItemViewModeling.swift in Sources */,
				5B1257AE268D26B400674849 /* NewsListViewController+Delegate.swift in Sources */,
				5B6A4AE9268D1E6B0091A20A /* NewsService.swift in Sources */,
				5B1257A8268D266800674849 /* NewsListViewController+TableViewDataSource.swift in Sources */,
				5B6A4AEB268D1E6B0091A20A /* getNewsResult.swift in Sources */,
				5B6A4B01268D23A00091A20A /* NewsListViewModel.swift in Sources */,
				5B6A4AEA268D1E6B0091A20A /* API.swift in Sources */,
				5B6A4A83268D18960091A20A /* NewsListViewController.swift in Sources */,
				5B6A4A7F268D18960091A20A /* AppDelegate.swift in Sources */,
				5B6A4AFB268D23260091A20A /* NewsSource.swift in Sources */,
				5B6A4AEC268D1E6B0091A20A /* NewsServiceProtocol.swift in Sources */,
				5B1257B6268D277000674849 /* NewsListViewController+NewsListViewDelegate.swift in Sources */,
				5B1257BE268D28A000674849 /* NewsItemViewModel.swift in Sources */,
				5B6A4AB8268D1A2B0091A20A /* UISearchBar+TextFieldColor.swift in Sources */,
				5B6A4AC7268D1B000091A20A /* NewsListTableViewCell.swift in Sources */,
				5B1257BA268D27C800674849 /* RegisterableNibCell.swift in Sources */,
				5B6A4A81268D18960091A20A /* SceneDelegate.swift in Sources */,
			);
			runOnlyForDeploymentPostprocessing = 0;
		};
		5B6A4A8D268D189B0091A20A /* Sources */ = {
			isa = PBXSourcesBuildPhase;
			buildActionMask = 2147483647;
			files = (
				5B6A4A96268D189B0091A20A /* TheNewsAppTests.swift in Sources */,
			);
			runOnlyForDeploymentPostprocessing = 0;
		};
/* End PBXSourcesBuildPhase section */

/* Begin PBXTargetDependency section */
		5B6A4A93268D189B0091A20A /* PBXTargetDependency */ = {
			isa = PBXTargetDependency;
			target = 5B6A4A7A268D18960091A20A /* TheNewsApp */;
			targetProxy = 5B6A4A92268D189B0091A20A /* PBXContainerItemProxy */;
		};
/* End PBXTargetDependency section */

/* Begin PBXVariantGroup section */
		5B6A4A84268D18960091A20A /* Main.storyboard */ = {
			isa = PBXVariantGroup;
			children = (
				5B6A4A85268D18960091A20A /* Base */,
			);
			name = Main.storyboard;
			sourceTree = "<group>";
		};
		5B6A4A89268D189A0091A20A /* LaunchScreen.storyboard */ = {
			isa = PBXVariantGroup;
			children = (
				5B6A4A8A268D189A0091A20A /* Base */,
			);
			name = LaunchScreen.storyboard;
			sourceTree = "<group>";
		};
/* End PBXVariantGroup section */

/* Begin XCBuildConfiguration section */
		5B6A4AA3268D189B0091A20A /* Debug */ = {
			isa = XCBuildConfiguration;
			buildSettings = {
				ALWAYS_SEARCH_USER_PATHS = NO;
				CLANG_ANALYZER_NONNULL = YES;
				CLANG_ANALYZER_NUMBER_OBJECT_CONVERSION = YES_AGGRESSIVE;
				CLANG_CXX_LANGUAGE_STANDARD = "gnu++14";
				CLANG_CXX_LIBRARY = "libc++";
				CLANG_ENABLE_MODULES = YES;
				CLANG_ENABLE_OBJC_ARC = YES;
				CLANG_ENABLE_OBJC_WEAK = YES;
				CLANG_WARN_BLOCK_CAPTURE_AUTORELEASING = YES;
				CLANG_WARN_BOOL_CONVERSION = YES;
				CLANG_WARN_COMMA = YES;
				CLANG_WARN_CONSTANT_CONVERSION = YES;
				CLANG_WARN_DEPRECATED_OBJC_IMPLEMENTATIONS = YES;
				CLANG_WARN_DIRECT_OBJC_ISA_USAGE = YES_ERROR;
				CLANG_WARN_DOCUMENTATION_COMMENTS = YES;
				CLANG_WARN_EMPTY_BODY = YES;
				CLANG_WARN_ENUM_CONVERSION = YES;
				CLANG_WARN_INFINITE_RECURSION = YES;
				CLANG_WARN_INT_CONVERSION = YES;
				CLANG_WARN_NON_LITERAL_NULL_CONVERSION = YES;
				CLANG_WARN_OBJC_IMPLICIT_RETAIN_SELF = YES;
				CLANG_WARN_OBJC_LITERAL_CONVERSION = YES;
				CLANG_WARN_OBJC_ROOT_CLASS = YES_ERROR;
				CLANG_WARN_QUOTED_INCLUDE_IN_FRAMEWORK_HEADER = YES;
				CLANG_WARN_RANGE_LOOP_ANALYSIS = YES;
				CLANG_WARN_STRICT_PROTOTYPES = YES;
				CLANG_WARN_SUSPICIOUS_MOVE = YES;
				CLANG_WARN_UNGUARDED_AVAILABILITY = YES_AGGRESSIVE;
				CLANG_WARN_UNREACHABLE_CODE = YES;
				CLANG_WARN__DUPLICATE_METHOD_MATCH = YES;
				COPY_PHASE_STRIP = NO;
				DEBUG_INFORMATION_FORMAT = dwarf;
				ENABLE_STRICT_OBJC_MSGSEND = YES;
				ENABLE_TESTABILITY = YES;
				GCC_C_LANGUAGE_STANDARD = gnu11;
				GCC_DYNAMIC_NO_PIC = NO;
				GCC_NO_COMMON_BLOCKS = YES;
				GCC_OPTIMIZATION_LEVEL = 0;
				GCC_PREPROCESSOR_DEFINITIONS = (
					"DEBUG=1",
					"$(inherited)",
				);
				GCC_WARN_64_TO_32_BIT_CONVERSION = YES;
				GCC_WARN_ABOUT_RETURN_TYPE = YES_ERROR;
				GCC_WARN_UNDECLARED_SELECTOR = YES;
				GCC_WARN_UNINITIALIZED_AUTOS = YES_AGGRESSIVE;
				GCC_WARN_UNUSED_FUNCTION = YES;
				GCC_WARN_UNUSED_VARIABLE = YES;
				IPHONEOS_DEPLOYMENT_TARGET = 14.3;
				MTL_ENABLE_DEBUG_INFO = INCLUDE_SOURCE;
				MTL_FAST_MATH = YES;
				ONLY_ACTIVE_ARCH = YES;
				SDKROOT = iphoneos;
				SWIFT_ACTIVE_COMPILATION_CONDITIONS = DEBUG;
				SWIFT_OPTIMIZATION_LEVEL = "-Onone";
			};
			name = Debug;
		};
		5B6A4AA4268D189B0091A20A /* Release */ = {
			isa = XCBuildConfiguration;
			buildSettings = {
				ALWAYS_SEARCH_USER_PATHS = NO;
				CLANG_ANALYZER_NONNULL = YES;
				CLANG_ANALYZER_NUMBER_OBJECT_CONVERSION = YES_AGGRESSIVE;
				CLANG_CXX_LANGUAGE_STANDARD = "gnu++14";
				CLANG_CXX_LIBRARY = "libc++";
				CLANG_ENABLE_MODULES = YES;
				CLANG_ENABLE_OBJC_ARC = YES;
				CLANG_ENABLE_OBJC_WEAK = YES;
				CLANG_WARN_BLOCK_CAPTURE_AUTORELEASING = YES;
				CLANG_WARN_BOOL_CONVERSION = YES;
				CLANG_WARN_COMMA = YES;
				CLANG_WARN_CONSTANT_CONVERSION = YES;
				CLANG_WARN_DEPRECATED_OBJC_IMPLEMENTATIONS = YES;
				CLANG_WARN_DIRECT_OBJC_ISA_USAGE = YES_ERROR;
				CLANG_WARN_DOCUMENTATION_COMMENTS = YES;
				CLANG_WARN_EMPTY_BODY = YES;
				CLANG_WARN_ENUM_CONVERSION = YES;
				CLANG_WARN_INFINITE_RECURSION = YES;
				CLANG_WARN_INT_CONVERSION = YES;
				CLANG_WARN_NON_LITERAL_NULL_CONVERSION = YES;
				CLANG_WARN_OBJC_IMPLICIT_RETAIN_SELF = YES;
				CLANG_WARN_OBJC_LITERAL_CONVERSION = YES;
				CLANG_WARN_OBJC_ROOT_CLASS = YES_ERROR;
				CLANG_WARN_QUOTED_INCLUDE_IN_FRAMEWORK_HEADER = YES;
				CLANG_WARN_RANGE_LOOP_ANALYSIS = YES;
				CLANG_WARN_STRICT_PROTOTYPES = YES;
				CLANG_WARN_SUSPICIOUS_MOVE = YES;
				CLANG_WARN_UNGUARDED_AVAILABILITY = YES_AGGRESSIVE;
				CLANG_WARN_UNREACHABLE_CODE = YES;
				CLANG_WARN__DUPLICATE_METHOD_MATCH = YES;
				COPY_PHASE_STRIP = NO;
				DEBUG_INFORMATION_FORMAT = "dwarf-with-dsym";
				ENABLE_NS_ASSERTIONS = NO;
				ENABLE_STRICT_OBJC_MSGSEND = YES;
				GCC_C_LANGUAGE_STANDARD = gnu11;
				GCC_NO_COMMON_BLOCKS = YES;
				GCC_WARN_64_TO_32_BIT_CONVERSION = YES;
				GCC_WARN_ABOUT_RETURN_TYPE = YES_ERROR;
				GCC_WARN_UNDECLARED_SELECTOR = YES;
				GCC_WARN_UNINITIALIZED_AUTOS = YES_AGGRESSIVE;
				GCC_WARN_UNUSED_FUNCTION = YES;
				GCC_WARN_UNUSED_VARIABLE = YES;
				IPHONEOS_DEPLOYMENT_TARGET = 14.3;
				MTL_ENABLE_DEBUG_INFO = NO;
				MTL_FAST_MATH = YES;
				SDKROOT = iphoneos;
				SWIFT_COMPILATION_MODE = wholemodule;
				SWIFT_OPTIMIZATION_LEVEL = "-O";
				VALIDATE_PRODUCT = YES;
			};
			name = Release;
		};
		5B6A4AA6268D189B0091A20A /* Debug */ = {
			isa = XCBuildConfiguration;
			baseConfigurationReference = 03F234C1871D5E28EBEFA198 /* Pods-TheNewsApp.debug.xcconfig */;
			buildSettings = {
				ASSETCATALOG_COMPILER_APPICON_NAME = AppIcon;
				ASSETCATALOG_COMPILER_GLOBAL_ACCENT_COLOR_NAME = AccentColor;
				CODE_SIGN_STYLE = Automatic;
				DEVELOPMENT_TEAM = F7RWFZ45WK;
				INFOPLIST_FILE = TheNewsApp/Info.plist;
				LD_RUNPATH_SEARCH_PATHS = (
					"$(inherited)",
					"@executable_path/Frameworks",
				);
				PRODUCT_BUNDLE_IDENTIFIER = com.fuzzix.TheNewsApp;
				PRODUCT_NAME = "$(TARGET_NAME)";
				SWIFT_VERSION = 5.0;
				TARGETED_DEVICE_FAMILY = "1,2";
			};
			name = Debug;
		};
		5B6A4AA7268D189B0091A20A /* Release */ = {
			isa = XCBuildConfiguration;
			baseConfigurationReference = 7A99B95AE04C9C5D28B1B799 /* Pods-TheNewsApp.release.xcconfig */;
			buildSettings = {
				ASSETCATALOG_COMPILER_APPICON_NAME = AppIcon;
				ASSETCATALOG_COMPILER_GLOBAL_ACCENT_COLOR_NAME = AccentColor;
				CODE_SIGN_STYLE = Automatic;
				DEVELOPMENT_TEAM = F7RWFZ45WK;
				INFOPLIST_FILE = TheNewsApp/Info.plist;
				LD_RUNPATH_SEARCH_PATHS = (
					"$(inherited)",
					"@executable_path/Frameworks",
				);
				PRODUCT_BUNDLE_IDENTIFIER = com.fuzzix.TheNewsApp;
				PRODUCT_NAME = "$(TARGET_NAME)";
				SWIFT_VERSION = 5.0;
				TARGETED_DEVICE_FAMILY = "1,2";
			};
			name = Release;
		};
		5B6A4AA9268D189B0091A20A /* Debug */ = {
			isa = XCBuildConfiguration;
			buildSettings = {
				ALWAYS_EMBED_SWIFT_STANDARD_LIBRARIES = YES;
				BUNDLE_LOADER = "$(TEST_HOST)";
				CODE_SIGN_STYLE = Automatic;
				DEVELOPMENT_TEAM = F7RWFZ45WK;
				INFOPLIST_FILE = TheNewsAppTests/Info.plist;
				IPHONEOS_DEPLOYMENT_TARGET = 14.3;
				LD_RUNPATH_SEARCH_PATHS = (
					"$(inherited)",
					"@executable_path/Frameworks",
					"@loader_path/Frameworks",
				);
				PRODUCT_BUNDLE_IDENTIFIER = com.fuzzix.TheNewsAppTests;
				PRODUCT_NAME = "$(TARGET_NAME)";
				SWIFT_VERSION = 5.0;
				TARGETED_DEVICE_FAMILY = "1,2";
				TEST_HOST = "$(BUILT_PRODUCTS_DIR)/TheNewsApp.app/TheNewsApp";
			};
			name = Debug;
		};
		5B6A4AAA268D189B0091A20A /* Release */ = {
			isa = XCBuildConfiguration;
			buildSettings = {
				ALWAYS_EMBED_SWIFT_STANDARD_LIBRARIES = YES;
				BUNDLE_LOADER = "$(TEST_HOST)";
				CODE_SIGN_STYLE = Automatic;
				DEVELOPMENT_TEAM = F7RWFZ45WK;
				INFOPLIST_FILE = TheNewsAppTests/Info.plist;
				IPHONEOS_DEPLOYMENT_TARGET = 14.3;
				LD_RUNPATH_SEARCH_PATHS = (
					"$(inherited)",
					"@executable_path/Frameworks",
					"@loader_path/Frameworks",
				);
				PRODUCT_BUNDLE_IDENTIFIER = com.fuzzix.TheNewsAppTests;
				PRODUCT_NAME = "$(TARGET_NAME)";
				SWIFT_VERSION = 5.0;
				TARGETED_DEVICE_FAMILY = "1,2";
				TEST_HOST = "$(BUILT_PRODUCTS_DIR)/TheNewsApp.app/TheNewsApp";
			};
			name = Release;
		};
/* End XCBuildConfiguration section */

/* Begin XCConfigurationList section */
		5B6A4A76268D18960091A20A /* Build configuration list for PBXProject "TheNewsApp" */ = {
			isa = XCConfigurationList;
			buildConfigurations = (
				5B6A4AA3268D189B0091A20A /* Debug */,
				5B6A4AA4268D189B0091A20A /* Release */,
			);
			defaultConfigurationIsVisible = 0;
			defaultConfigurationName = Release;
		};
		5B6A4AA5268D189B0091A20A /* Build configuration list for PBXNativeTarget "TheNewsApp" */ = {
			isa = XCConfigurationList;
			buildConfigurations = (
				5B6A4AA6268D189B0091A20A /* Debug */,
				5B6A4AA7268D189B0091A20A /* Release */,
			);
			defaultConfigurationIsVisible = 0;
			defaultConfigurationName = Release;
		};
		5B6A4AA8268D189B0091A20A /* Build configuration list for PBXNativeTarget "TheNewsAppTests" */ = {
			isa = XCConfigurationList;
			buildConfigurations = (
				5B6A4AA9268D189B0091A20A /* Debug */,
				5B6A4AAA268D189B0091A20A /* Release */,
			);
			defaultConfigurationIsVisible = 0;
			defaultConfigurationName = Release;
		};
/* End XCConfigurationList section */
	};
	rootObject = 5B6A4A73268D18960091A20A /* Project object */;
}
